{
  "lockfile-version": 1,
  "manifest": {
    "version": 1,
    "install": {
      "claude-code": {
        "pkg-path": "claude-code",
        "pkg-group": "common",
        "version": "^2.0.37"
      },
      "docker": {
        "pkg-path": "docker",
        "pkg-group": "common",
        "version": "^28.5.1"
      },
      "git": {
        "pkg-path": "git",
        "pkg-group": "common",
        "version": "^2.51.0"
      },
      "go": {
        "pkg-path": "go",
        "version": "1.25"
      },
      "go-task": {
        "pkg-path": "go-task",
        "pkg-group": "common",
        "version": "^3.45.4"
      },
      "golangci-lint": {
        "pkg-path": "golangci-lint",
        "pkg-group": "common",
        "version": "^2.6.0"
      }
    },
    "hook": {
      "on-activate": "  echo \"🌟 Welcome to browser-agent development environment!\"\n  echo \"Go version: $(go version)\"\n"
    },
    "options": {}
  },
  "packages": [
    {
      "attr_path": "go",
      "broken": false,
      "derivation": "/nix/store/s3y2xgs6d01qvf0yhgw455ghiylmn8jy-go-1.25.0.drv",
      "description": "Go Programming language",
      "install_id": "go",
      "license": "BSD-3-Clause",
      "locked_url": "https://github.com/flox/nixpkgs?rev=8d4ddb19d03c65a36ad8d189d001dc32ffb0306b",
      "name": "go-1.25.0",
      "pname": "go",
      "rev": "8d4ddb19d03c65a36ad8d189d001dc32ffb0306b",
      "rev_count": 862643,
      "rev_date": "2025-09-16T15:19:26Z",
      "scrape_date": "2025-09-19T01:16:42.863718Z",
      "stabilities": [
        "unstable"
      ],
      "unfree": false,
      "version": "1.25.0",
      "outputs_to_install": [
        "out"
      ],
      "outputs": {
        "out": "/nix/store/cr196bvbbai01r0w11p1inkzkdrqdx6y-go-1.25.0"
      },
      "system": "aarch64-darwin",
      "group": "toplevel",
      "priority": 5
    },
    {
      "attr_path": "go",
      "broken": false,
      "derivation": "/nix/store/i027if1wkdbbk9vmkjf4281iqfdjzwp0-go-1.25.0.drv",
      "description": "Go Programming language",
      "install_id": "go",
      "license": "BSD-3-Clause",
      "locked_url": "https://github.com/flox/nixpkgs?rev=8d4ddb19d03c65a36ad8d189d001dc32ffb0306b",
      "name": "go-1.25.0",
      "pname": "go",
      "rev": "8d4ddb19d03c65a36ad8d189d001dc32ffb0306b",
      "rev_count": 862643,
      "rev_date": "2025-09-16T15:19:26Z",
      "scrape_date": "2025-09-19T01:49:27.458860Z",
      "stabilities": [
        "unstable"
      ],
      "unfree": false,
      "version": "1.25.0",
      "outputs_to_install": [
        "out"
      ],
      "outputs": {
        "out": "/nix/store/yhcdwwikp86p2cpq0qr7di91ji63460s-go-1.25.0"
      },
      "system": "aarch64-linux",
      "group": "toplevel",
      "priority": 5
    },
    {
      "attr_path": "go",
      "broken": false,
      "derivation": "/nix/store/n9i0d6pa57wr8f8yl6dymwr5wr9ndfbb-go-1.25.0.drv",
      "description": "Go Programming language",
      "install_id": "go",
      "license": "BSD-3-Clause",
      "locked_url": "https://github.com/flox/nixpkgs?rev=8d4ddb19d03c65a36ad8d189d001dc32ffb0306b",
      "name": "go-1.25.0",
      "pname": "go",
      "rev": "8d4ddb19d03c65a36ad8d189d001dc32ffb0306b",
      "rev_count": 862643,
      "rev_date": "2025-09-16T15:19:26Z",
      "scrape_date": "2025-09-19T02:01:52.625205Z",
      "stabilities": [
        "unstable"
      ],
      "unfree": false,
      "version": "1.25.0",
      "outputs_to_install": [
        "out"
      ],
      "outputs": {
        "out": "/nix/store/hz7dfw13v8iff4vf6vbnqnlnd7wh7j5x-go-1.25.0"
      },
      "system": "x86_64-darwin",
      "group": "toplevel",
      "priority": 5
    },
    {
      "attr_path": "go",
      "broken": false,
      "derivation": "/nix/store/pxn4bbdbwd25r02kvp7a1jp3fjykrb65-go-1.25.0.drv",
      "description": "Go Programming language",
      "install_id": "go",
      "license": "BSD-3-Clause",
      "locked_url": "https://github.com/flox/nixpkgs?rev=8d4ddb19d03c65a36ad8d189d001dc32ffb0306b",
      "name": "go-1.25.0",
      "pname": "go",
      "rev": "8d4ddb19d03c65a36ad8d189d001dc32ffb0306b",
      "rev_count": 862643,
      "rev_date": "2025-09-16T15:19:26Z",
      "scrape_date": "2025-09-19T02:33:33.507261Z",
      "stabilities": [
        "unstable"
      ],
      "unfree": false,
      "version": "1.25.0",
      "outputs_to_install": [
        "out"
      ],
      "outputs": {
        "out": "/nix/store/3fd683jfggglpshxprz9mi5sz8wd3c9p-go-1.25.0"
      },
      "system": "x86_64-linux",
      "group": "toplevel",
      "priority": 5
    },
    {
      "attr_path": "claude-code",
      "broken": false,
      "derivation": "/nix/store/7vqb8r3wbfjyampyjk6x7arca46qnvvr-claude-code-2.0.59.drv",
      "description": "Agentic coding tool that lives in your terminal, understands your codebase, and helps you code faster",
      "install_id": "claude-code",
      "license": "Unfree",
      "locked_url": "https://github.com/flox/nixpkgs?rev=addf7cf5f383a3101ecfba091b98d0a1263dc9b8",
      "name": "claude-code-2.0.59",
      "pname": "claude-code",
      "rev": "addf7cf5f383a3101ecfba091b98d0a1263dc9b8",
      "rev_count": 908783,
      "rev_date": "2025-12-08T09:27:56Z",
      "scrape_date": "2025-12-10T02:54:43.942027Z",
      "stabilities": [
        "unstable"
      ],
      "unfree": true,
      "version": "2.0.59",
      "outputs_to_install": [
        "out"
      ],
      "outputs": {
        "out": "/nix/store/w062zp7dkaxdcb9v0v8zkci3rjfwry23-claude-code-2.0.59"
      },
      "system": "aarch64-darwin",
      "group": "common",
      "priority": 5
    },
    {
      "attr_path": "claude-code",
      "broken": false,
      "derivation": "/nix/store/48pns6knysjrbs3xd11z05hkhx386m9s-claude-code-2.0.59.drv",
      "description": "Agentic coding tool that lives in your terminal, understands your codebase, and helps you code faster",
      "install_id": "claude-code",
      "license": "Unfree",
      "locked_url": "https://github.com/flox/nixpkgs?rev=addf7cf5f383a3101ecfba091b98d0a1263dc9b8",
      "name": "claude-code-2.0.59",
      "pname": "claude-code",
      "rev": "addf7cf5f383a3101ecfba091b98d0a1263dc9b8",
      "rev_count": 908783,
      "rev_date": "2025-12-08T09:27:56Z",
      "scrape_date": "2025-12-10T03:03:54.420Z",
      "stabilities": [
        "unstable"
      ],
      "unfree": true,
      "version": "2.0.59",
      "outputs_to_install": [
        "out"
      ],
      "outputs": {
        "out": "/nix/store/42y26aa1pfbjnr3l7i58j00x985ra456-claude-code-2.0.59"
      },
      "system": "aarch64-linux",
      "group": "common",
      "priority": 5
    },
    {
      "attr_path": "claude-code",
      "broken": false,
      "derivation": "/nix/store/6n0363diadxikxiwia4m4s2ppschz1qs-claude-code-2.0.59.drv",
      "description": "Agentic coding tool that lives in your terminal, understands your codebase, and helps you code faster",
      "install_id": "claude-code",
      "license": "Unfree",
      "locked_url": "https://github.com/flox/nixpkgs?rev=addf7cf5f383a3101ecfba091b98d0a1263dc9b8",
      "name": "claude-code-2.0.59",
      "pname": "claude-code",
      "rev": "addf7cf5f383a3101ecfba091b98d0a1263dc9b8",
      "rev_count": 908783,
      "rev_date": "2025-12-08T09:27:56Z",
      "scrape_date": "2025-12-10T03:13:57.843514Z",
      "stabilities": [
        "unstable"
      ],
      "unfree": true,
      "version": "2.0.59",
      "outputs_to_install": [
        "out"
      ],
      "outputs": {
        "out": "/nix/store/4mjgzq3ww366404y5k2i7gj6qzih2wbk-claude-code-2.0.59"
      },
      "system": "x86_64-darwin",
      "group": "common",
      "priority": 5
    },
    {
      "attr_path": "claude-code",
      "broken": false,
      "derivation": "/nix/store/qx8zjwprii3k10x6bgvg4ylzxmn4ccdl-claude-code-2.0.59.drv",
      "description": "Agentic coding tool that lives in your terminal, understands your codebase, and helps you code faster",
      "install_id": "claude-code",
      "license": "Unfree",
      "locked_url": "https://github.com/flox/nixpkgs?rev=addf7cf5f383a3101ecfba091b98d0a1263dc9b8",
      "name": "claude-code-2.0.59",
      "pname": "claude-code",
      "rev": "addf7cf5f383a3101ecfba091b98d0a1263dc9b8",
      "rev_count": 908783,
      "rev_date": "2025-12-08T09:27:56Z",
      "scrape_date": "2025-12-10T03:23:17.702047Z",
      "stabilities": [
        "unstable"
      ],
      "unfree": true,
      "version": "2.0.59",
      "outputs_to_install": [
        "out"
      ],
      "outputs": {
        "out": "/nix/store/qpf29lbq9j6ghnvxi4rcnz2ynqqdg9kd-claude-code-2.0.59"
      },
      "system": "x86_64-linux",
      "group": "common",
      "priority": 5
    },
    {
      "attr_path": "docker",
      "broken": false,
      "derivation": "/nix/store/h1ghbbqr77gxqr9wy8hk5gyrf4l8krmb-docker-28.5.1.drv",
      "description": "Open source project to pack, ship and run any application as a lightweight container",
      "install_id": "docker",
      "license": "Apache-2.0",
      "locked_url": "https://github.com/flox/nixpkgs?rev=addf7cf5f383a3101ecfba091b98d0a1263dc9b8",
      "name": "docker-28.5.1",
      "pname": "docker",
      "rev": "addf7cf5f383a3101ecfba091b98d0a1263dc9b8",
      "rev_count": 908783,
      "rev_date": "2025-12-08T09:27:56Z",
      "scrape_date": "2025-12-10T02:54:44.255075Z",
      "stabilities": [
        "unstable"
      ],
      "unfree": false,
      "version": "28.5.1",
      "outputs_to_install": [
        "out"
      ],
      "outputs": {
        "out": "/nix/store/hin3prdkyyljd263lnpk63m7km0mpijy-docker-28.5.1"
      },
      "system": "aarch64-darwin",
      "group": "common",
      "priority": 5
    },
    {
      "attr_path": "docker",
      "broken": false,
      "derivation": "/nix/store/343jrl39dzkfwc9kbmysiflr9m644z6b-docker-28.5.1.drv",
      "description": "Open source project to pack, ship and run any application as a lightweight container",
      "install_id": "docker",
      "license": "Apache-2.0",
      "locked_url": "https://github.com/flox/nixpkgs?rev=addf7cf5f383a3101ecfba091b98d0a1263dc9b8",
      "name": "docker-28.5.1",
      "pname": "docker",
      "rev": "addf7cf5f383a3101ecfba091b98d0a1263dc9b8",
      "rev_count": 908783,
      "rev_date": "2025-12-08T09:27:56Z",
      "scrape_date": "2025-12-10T03:03:54.802506Z",
      "stabilities": [
        "unstable"
      ],
      "unfree": false,
      "version": "28.5.1",
      "outputs_to_install": [
        "out"
      ],
      "outputs": {
        "out": "/nix/store/l0v5p0vn6knn0ri1kyhdj79pjkyxihf3-docker-28.5.1"
      },
      "system": "aarch64-linux",
      "group": "common",
      "priority": 5
    },
    {
      "attr_path": "docker",
      "broken": false,
      "derivation": "/nix/store/884140bf1z1iwqh73mpz37k1b6jzj97k-docker-28.5.1.drv",
      "description": "Open source project to pack, ship and run any application as a lightweight container",
      "install_id": "docker",
      "license": "Apache-2.0",
      "locked_url": "https://github.com/flox/nixpkgs?rev=addf7cf5f383a3101ecfba091b98d0a1263dc9b8",
      "name": "docker-28.5.1",
      "pname": "docker",
      "rev": "addf7cf5f383a3101ecfba091b98d0a1263dc9b8",
      "rev_count": 908783,
      "rev_date": "2025-12-08T09:27:56Z",
      "scrape_date": "2025-12-10T03:13:58.115133Z",
      "stabilities": [
        "unstable"
      ],
      "unfree": false,
      "version": "28.5.1",
      "outputs_to_install": [
        "out"
      ],
      "outputs": {
        "out": "/nix/store/767n224knp1sqrikx0x58g4552gfzz2a-docker-28.5.1"
      },
      "system": "x86_64-darwin",
      "group": "common",
      "priority": 5
    },
    {
      "attr_path": "docker",
      "broken": false,
      "derivation": "/nix/store/x8fmjdk4sm77np57jsg5szk11kd6plmx-docker-28.5.1.drv",
      "description": "Open source project to pack, ship and run any application as a lightweight container",
      "install_id": "docker",
      "license": "Apache-2.0",
      "locked_url": "https://github.com/flox/nixpkgs?rev=addf7cf5f383a3101ecfba091b98d0a1263dc9b8",
      "name": "docker-28.5.1",
      "pname": "docker",
      "rev": "addf7cf5f383a3101ecfba091b98d0a1263dc9b8",
      "rev_count": 908783,
      "rev_date": "2025-12-08T09:27:56Z",
      "scrape_date": "2025-12-10T03:23:18.172506Z",
      "stabilities": [
        "unstable"
      ],
      "unfree": false,
      "version": "28.5.1",
      "outputs_to_install": [
        "out"
      ],
      "outputs": {
        "out": "/nix/store/2bxla4ycrxk76ivhmsf6l1cxnqphs2jz-docker-28.5.1"
      },
      "system": "x86_64-linux",
      "group": "common",
      "priority": 5
    },
    {
      "attr_path": "git",
      "broken": false,
      "derivation": "/nix/store/313rvm0aq2xx4z5j079k3l7jmsqhf815-git-2.51.2.drv",
      "description": "Distributed version control system",
      "install_id": "git",
      "license": "GPL-2.0",
      "locked_url": "https://github.com/flox/nixpkgs?rev=addf7cf5f383a3101ecfba091b98d0a1263dc9b8",
      "name": "git-2.51.2",
      "pname": "git",
      "rev": "addf7cf5f383a3101ecfba091b98d0a1263dc9b8",
      "rev_count": 908783,
      "rev_date": "2025-12-08T09:27:56Z",
      "scrape_date": "2025-12-10T02:54:44.754723Z",
      "stabilities": [
        "unstable"
      ],
      "unfree": false,
      "version": "2.51.2",
      "outputs_to_install": [
        "out"
      ],
      "outputs": {
        "doc": "/nix/store/6wnscv0364r6430qmx33nn927dlw2vnf-git-2.51.2-doc",
        "out": "/nix/store/x34bh6s6ighg7lb74nkjbx3nx52zj0j9-git-2.51.2"
      },
      "system": "aarch64-darwin",
      "group": "common",
      "priority": 5
    },
    {
      "attr_path": "git",
      "broken": false,
      "derivation": "/nix/store/ifafwp0vwlsw514almrzvx88rv62igmd-git-2.51.2.drv",
      "description": "Distributed version control system",
      "install_id": "git",
      "license": "GPL-2.0",
      "locked_url": "https://github.com/flox/nixpkgs?rev=addf7cf5f383a3101ecfba091b98d0a1263dc9b8",
      "name": "git-2.51.2",
      "pname": "git",
      "rev": "addf7cf5f383a3101ecfba091b98d0a1263dc9b8",
      "rev_count": 908783,
      "rev_date": "2025-12-08T09:27:56Z",
      "scrape_date": "2025-12-10T03:03:55.631860Z",
      "stabilities": [
        "unstable"
      ],
      "unfree": false,
      "version": "2.51.2",
      "outputs_to_install": [
        "out"
      ],
      "outputs": {
        "debug": "/nix/store/5l5ln59lpi4qv2qm59aqchlz32j9zcm9-git-2.51.2-debug",
        "doc": "/nix/store/w28mqxb1bd51f5rwh5127pvbp31lnqmv-git-2.51.2-doc",
        "out": "/nix/store/gzdcfmx2p9nvd4z21b6ns00cp4sv1d2h-git-2.51.2"
      },
      "system": "aarch64-linux",
      "group": "common",
      "priority": 5
    },
    {
      "attr_path": "git",
      "broken": false,
      "derivation": "/nix/store/35qk7ppjvj2kmx1wkx3hxsdf08prsyc9-git-2.51.2.drv",
      "description": "Distributed version control system",
      "install_id": "git",
      "license": "GPL-2.0",
      "locked_url": "https://github.com/flox/nixpkgs?rev=addf7cf5f383a3101ecfba091b98d0a1263dc9b8",
      "name": "git-2.51.2",
      "pname": "git",
      "rev": "addf7cf5f383a3101ecfba091b98d0a1263dc9b8",
      "rev_count": 908783,
      "rev_date": "2025-12-08T09:27:56Z",
      "scrape_date": "2025-12-10T03:13:58.618413Z",
      "stabilities": [
        "unstable"
      ],
      "unfree": false,
      "version": "2.51.2",
      "outputs_to_install": [
        "out"
      ],
      "outputs": {
        "doc": "/nix/store/vrisnm56c5v8mzbv55yrq28wgkvga8nm-git-2.51.2-doc",
        "out": "/nix/store/zz5xiyzpnn06cdgw1xnlvs1sbly5247r-git-2.51.2"
      },
      "system": "x86_64-darwin",
      "group": "common",
      "priority": 5
    },
    {
      "attr_path": "git",
      "broken": false,
      "derivation": "/nix/store/2mr9959ibz0a081h362ln3i4awzlhpd3-git-2.51.2.drv",
      "description": "Distributed version control system",
      "install_id": "git",
      "license": "GPL-2.0",
      "locked_url": "https://github.com/flox/nixpkgs?rev=addf7cf5f383a3101ecfba091b98d0a1263dc9b8",
      "name": "git-2.51.2",
      "pname": "git",
      "rev": "addf7cf5f383a3101ecfba091b98d0a1263dc9b8",
      "rev_count": 908783,
      "rev_date": "2025-12-08T09:27:56Z",
      "scrape_date": "2025-12-10T03:23:19.052729Z",
      "stabilities": [
        "unstable"
      ],
      "unfree": false,
      "version": "2.51.2",
      "outputs_to_install": [
        "out"
      ],
      "outputs": {
        "debug": "/nix/store/pjr2vd588sxa47glfg0ky0df3vk79dcs-git-2.51.2-debug",
        "doc": "/nix/store/9k6ivrdddy9s3z1hiwgavl0kfr2czgav-git-2.51.2-doc",
        "out": "/nix/store/4qhdhmi7pzgad0zfd7c5lsg235mbf9hv-git-2.51.2"
      },
      "system": "x86_64-linux",
      "group": "common",
      "priority": 5
    },
    {
      "attr_path": "go-task",
      "broken": false,
      "derivation": "/nix/store/c4v8cqvi4vnabqspg2nhdp38c41hp2r8-go-task-3.45.5.drv",
      "description": "Task runner / simpler Make alternative written in Go",
      "install_id": "go-task",
      "license": "MIT",
      "locked_url": "https://github.com/flox/nixpkgs?rev=addf7cf5f383a3101ecfba091b98d0a1263dc9b8",
      "name": "go-task-3.45.5",
      "pname": "go-task",
      "rev": "addf7cf5f383a3101ecfba091b98d0a1263dc9b8",
      "rev_count": 908783,
      "rev_date": "2025-12-08T09:27:56Z",
      "scrape_date": "2025-12-10T02:54:44.886875Z",
      "stabilities": [
        "unstable"
      ],
      "unfree": false,
      "version": "3.45.5",
      "outputs_to_install": [
        "out"
      ],
      "outputs": {
        "out": "/nix/store/hq2nfh8sndri3x4z4k1j9g9wk6l0kp5q-go-task-3.45.5"
      },
      "system": "aarch64-darwin",
      "group": "common",
      "priority": 5
    },
    {
      "attr_path": "go-task",
      "broken": false,
      "derivation": "/nix/store/50qvd9dnfi8jhqqm47dl032b3rddn751-go-task-3.45.5.drv",
      "description": "Task runner / simpler Make alternative written in Go",
      "install_id": "go-task",
      "license": "MIT",
      "locked_url": "https://github.com/flox/nixpkgs?rev=addf7cf5f383a3101ecfba091b98d0a1263dc9b8",
      "name": "go-task-3.45.5",
      "pname": "go-task",
      "rev": "addf7cf5f383a3101ecfba091b98d0a1263dc9b8",
      "rev_count": 908783,
      "rev_date": "2025-12-08T09:27:56Z",
      "scrape_date": "2025-12-10T03:03:56.215663Z",
      "stabilities": [
        "unstable"
      ],
      "unfree": false,
      "version": "3.45.5",
      "outputs_to_install": [
        "out"
      ],
      "outputs": {
        "out": "/nix/store/4ac3xjjbvapdifhzqn3cj012b685bysi-go-task-3.45.5"
      },
      "system": "aarch64-linux",
      "group": "common",
      "priority": 5
    },
    {
      "attr_path": "go-task",
      "broken": false,
      "derivation": "/nix/store/7v8jijz2hdsa0pn3q6glddh8c5ijncf5-go-task-3.45.5.drv",
      "description": "Task runner / simpler Make alternative written in Go",
      "install_id": "go-task",
      "license": "MIT",
      "locked_url": "https://github.com/flox/nixpkgs?rev=addf7cf5f383a3101ecfba091b98d0a1263dc9b8",
      "name": "go-task-3.45.5",
      "pname": "go-task",
      "rev": "addf7cf5f383a3101ecfba091b98d0a1263dc9b8",
      "rev_count": 908783,
      "rev_date": "2025-12-08T09:27:56Z",
      "scrape_date": "2025-12-10T03:13:58.783960Z",
      "stabilities": [
        "unstable"
      ],
      "unfree": false,
      "version": "3.45.5",
      "outputs_to_install": [
        "out"
      ],
      "outputs": {
        "out": "/nix/store/57gnc0hahiawf2dmiiy6z6kxmaq2a41m-go-task-3.45.5"
      },
      "system": "x86_64-darwin",
      "group": "common",
      "priority": 5
    },
    {
      "attr_path": "go-task",
      "broken": false,
      "derivation": "/nix/store/54ybxfsx8gjzlghsszpshc9mr5hkv4yx-go-task-3.45.5.drv",
      "description": "Task runner / simpler Make alternative written in Go",
      "install_id": "go-task",
      "license": "MIT",
      "locked_url": "https://github.com/flox/nixpkgs?rev=addf7cf5f383a3101ecfba091b98d0a1263dc9b8",
      "name": "go-task-3.45.5",
      "pname": "go-task",
      "rev": "addf7cf5f383a3101ecfba091b98d0a1263dc9b8",
      "rev_count": 908783,
      "rev_date": "2025-12-08T09:27:56Z",
      "scrape_date": "2025-12-10T03:23:19.691107Z",
      "stabilities": [
        "unstable"
      ],
      "unfree": false,
      "version": "3.45.5",
      "outputs_to_install": [
        "out"
      ],
      "outputs": {
        "out": "/nix/store/8j7jr4fpjlmbcyb1crr8gy00z8d768vm-go-task-3.45.5"
      },
      "system": "x86_64-linux",
      "group": "common",
      "priority": 5
    },
    {
      "attr_path": "golangci-lint",
      "broken": false,
      "derivation": "/nix/store/dd0f0hfna8ayib8fypqf14aac32hfpgg-golangci-lint-2.7.2.drv",
      "description": "Fast linters Runner for Go",
      "install_id": "golangci-lint",
      "license": "GPL-3.0-or-later",
      "locked_url": "https://github.com/flox/nixpkgs?rev=addf7cf5f383a3101ecfba091b98d0a1263dc9b8",
      "name": "golangci-lint-2.7.2",
      "pname": "golangci-lint",
      "rev": "addf7cf5f383a3101ecfba091b98d0a1263dc9b8",
      "rev_count": 908783,
      "rev_date": "2025-12-08T09:27:56Z",
      "scrape_date": "2025-12-10T02:54:44.914995Z",
      "stabilities": [
        "unstable"
      ],
      "unfree": false,
      "version": "2.7.2",
      "outputs_to_install": [
        "out"
      ],
      "outputs": {
        "out": "/nix/store/q3a6xszcxa3rcaq2xa5hli5ynsw9p2xj-golangci-lint-2.7.2"
      },
      "system": "aarch64-darwin",
      "group": "common",
      "priority": 5
    },
    {
      "attr_path": "golangci-lint",
      "broken": false,
      "derivation": "/nix/store/1i2l1ilkdsp56p9s7dpd406zj6kyj7z7-golangci-lint-2.7.2.drv",
      "description": "Fast linters Runner for Go",
      "install_id": "golangci-lint",
      "license": "GPL-3.0-or-later",
      "locked_url": "https://github.com/flox/nixpkgs?rev=addf7cf5f383a3101ecfba091b98d0a1263dc9b8",
      "name": "golangci-lint-2.7.2",
      "pname": "golangci-lint",
      "rev": "addf7cf5f383a3101ecfba091b98d0a1263dc9b8",
      "rev_count": 908783,
      "rev_date": "2025-12-08T09:27:56Z",
      "scrape_date": "2025-12-10T03:03:56.271282Z",
      "stabilities": [
        "unstable"
      ],
      "unfree": false,
      "version": "2.7.2",
      "outputs_to_install": [
        "out"
      ],
      "outputs": {
        "out": "/nix/store/26ckbfx1m91f1ix7x1v8zckvnccvf03g-golangci-lint-2.7.2"
      },
      "system": "aarch64-linux",
      "group": "common",
      "priority": 5
    },
    {
      "attr_path": "golangci-lint",
      "broken": false,
      "derivation": "/nix/store/1yq0ml1db66iywinzmy1d3cfbk641n0k-golangci-lint-2.7.2.drv",
      "description": "Fast linters Runner for Go",
      "install_id": "golangci-lint",
      "license": "GPL-3.0-or-later",
      "locked_url": "https://github.com/flox/nixpkgs?rev=addf7cf5f383a3101ecfba091b98d0a1263dc9b8",
      "name": "golangci-lint-2.7.2",
      "pname": "golangci-lint",
      "rev": "addf7cf5f383a3101ecfba091b98d0a1263dc9b8",
      "rev_count": 908783,
      "rev_date": "2025-12-08T09:27:56Z",
      "scrape_date": "2025-12-10T03:13:58.812811Z",
      "stabilities": [
        "unstable"
      ],
      "unfree": false,
      "version": "2.7.2",
      "outputs_to_install": [
        "out"
      ],
      "outputs": {
        "out": "/nix/store/4ngz15pamb1mvbgk8vqsdc7am0sm3nfl-golangci-lint-2.7.2"
      },
      "system": "x86_64-darwin",
      "group": "common",
      "priority": 5
    },
    {
      "attr_path": "golangci-lint",
      "broken": false,
      "derivation": "/nix/store/ih1y9m4rq7sy3qqsa448ai5xzil3n1rd-golangci-lint-2.7.2.drv",
      "description": "Fast linters Runner for Go",
      "install_id": "golangci-lint",
      "license": "GPL-3.0-or-later",
      "locked_url": "https://github.com/flox/nixpkgs?rev=addf7cf5f383a3101ecfba091b98d0a1263dc9b8",
      "name": "golangci-lint-2.7.2",
      "pname": "golangci-lint",
      "rev": "addf7cf5f383a3101ecfba091b98d0a1263dc9b8",
      "rev_count": 908783,
      "rev_date": "2025-12-08T09:27:56Z",
      "scrape_date": "2025-12-10T03:23:19.752248Z",
      "stabilities": [
        "unstable"
      ],
      "unfree": false,
      "version": "2.7.2",
      "outputs_to_install": [
        "out"
      ],
      "outputs": {
        "out": "/nix/store/20pjxaqyh10abjhc0by39q7rv3frmx1j-golangci-lint-2.7.2"
      },
      "system": "x86_64-linux",
      "group": "common",
      "priority": 5
    }
  ]
}
