{
  "lockfile-version": 1,
  "manifest": {
    "schema-version": "1.11.0",
    "install": {
      "claude-code": {
        "pkg-path": "claude-code",
        "pkg-group": "common",
        "version": "^2.1.92"
      },
      "docker": {
        "pkg-path": "docker",
        "pkg-group": "common",
        "version": "^29.3.1"
      },
      "git": {
        "pkg-path": "git",
        "pkg-group": "common",
        "version": "^2.53.0",
        "outputs": "all"
      },
      "go": {
        "pkg-path": "go",
        "version": "1.26.1"
      },
      "go-task": {
        "pkg-path": "go-task",
        "pkg-group": "common",
        "version": "^3.48.0"
      },
      "golangci-lint": {
        "pkg-path": "golangci-lint",
        "pkg-group": "common",
        "version": "^2.11.4"
      }
    },
    "hook": {
      "on-activate": "  echo \"🌟 Welcome to browser-agent development environment!\"\n  echo \"Go version: $(go version)\"\n"
    },
    "options": {}
  },
  "packages": [
    {
      "attr_path": "claude-code",
      "broken": false,
      "derivation": "/nix/store/hy4jm9pr155a8wi5cggsk8laicpc6wf3-claude-code-2.1.92.drv",
      "description": "Agentic coding tool that lives in your terminal, understands your codebase, and helps you code faster",
      "install_id": "claude-code",
      "license": "Unfree",
      "locked_url": "https://github.com/flox/nixpkgs?rev=68d8aa3d661f0e6bd5862291b5bb263b2a6595c9",
      "name": "claude-code-2.1.92",
      "pname": "claude-code",
      "rev": "68d8aa3d661f0e6bd5862291b5bb263b2a6595c9",
      "rev_count": 975402,
      "rev_date": "2026-04-05T21:03:29Z",
      "scrape_date": "2026-04-07T06:03:32.064848Z",
      "stabilities": [
        "unstable"
      ],
      "unfree": true,
      "version": "2.1.92",
      "outputs_to_install": [
        "out"
      ],
      "outputs": {
        "out": "/nix/store/fykidfp6v1mw5a3cc5l0v13w1vbwipfq-claude-code-2.1.92"
      },
      "system": "aarch64-darwin",
      "group": "common",
      "priority": 5
    },
    {
      "attr_path": "claude-code",
      "broken": false,
      "derivation": "/nix/store/7lv6z0jq7l499i30q5bf2ijwdd3h0xc9-claude-code-2.1.92.drv",
      "description": "Agentic coding tool that lives in your terminal, understands your codebase, and helps you code faster",
      "install_id": "claude-code",
      "license": "Unfree",
      "locked_url": "https://github.com/flox/nixpkgs?rev=68d8aa3d661f0e6bd5862291b5bb263b2a6595c9",
      "name": "claude-code-2.1.92",
      "pname": "claude-code",
      "rev": "68d8aa3d661f0e6bd5862291b5bb263b2a6595c9",
      "rev_count": 975402,
      "rev_date": "2026-04-05T21:03:29Z",
      "scrape_date": "2026-04-07T06:34:56.570220Z",
      "stabilities": [
        "unstable"
      ],
      "unfree": true,
      "version": "2.1.92",
      "outputs_to_install": [
        "out"
      ],
      "outputs": {
        "out": "/nix/store/cdaqkh1akzha1w9ciy1m926g2m62c4fj-claude-code-2.1.92"
      },
      "system": "aarch64-linux",
      "group": "common",
      "priority": 5
    },
    {
      "attr_path": "claude-code",
      "broken": false,
      "derivation": "/nix/store/afkkdkim7f87y1gq8lbhqacbrj685kyr-claude-code-2.1.92.drv",
      "description": "Agentic coding tool that lives in your terminal, understands your codebase, and helps you code faster",
      "install_id": "claude-code",
      "license": "Unfree",
      "locked_url": "https://github.com/flox/nixpkgs?rev=68d8aa3d661f0e6bd5862291b5bb263b2a6595c9",
      "name": "claude-code-2.1.92",
      "pname": "claude-code",
      "rev": "68d8aa3d661f0e6bd5862291b5bb263b2a6595c9",
      "rev_count": 975402,
      "rev_date": "2026-04-05T21:03:29Z",
      "scrape_date": "2026-04-07T07:04:59.821438Z",
      "stabilities": [
        "unstable"
      ],
      "unfree": true,
      "version": "2.1.92",
      "outputs_to_install": [
        "out"
      ],
      "outputs": {
        "out": "/nix/store/zqda0xnbsck6lay0s2w7za1psmgrjwbn-claude-code-2.1.92"
      },
      "system": "x86_64-darwin",
      "group": "common",
      "priority": 5
    },
    {
      "attr_path": "claude-code",
      "broken": false,
      "derivation": "/nix/store/7klqv2xnfdj4fifg187gxj8qdmjmx371-claude-code-2.1.92.drv",
      "description": "Agentic coding tool that lives in your terminal, understands your codebase, and helps you code faster",
      "install_id": "claude-code",
      "license": "Unfree",
      "locked_url": "https://github.com/flox/nixpkgs?rev=68d8aa3d661f0e6bd5862291b5bb263b2a6595c9",
      "name": "claude-code-2.1.92",
      "pname": "claude-code",
      "rev": "68d8aa3d661f0e6bd5862291b5bb263b2a6595c9",
      "rev_count": 975402,
      "rev_date": "2026-04-05T21:03:29Z",
      "scrape_date": "2026-04-07T07:39:06.309010Z",
      "stabilities": [
        "unstable"
      ],
      "unfree": true,
      "version": "2.1.92",
      "outputs_to_install": [
        "out"
      ],
      "outputs": {
        "out": "/nix/store/7xbkdwgn5k8i47kghiif44brynxc6z6d-claude-code-2.1.92"
      },
      "system": "x86_64-linux",
      "group": "common",
      "priority": 5
    },
    {
      "attr_path": "docker",
      "broken": false,
      "derivation": "/nix/store/51irc24537070amgizgl71yrkm3prqnw-docker-29.3.1.drv",
      "description": "Open source project to pack, ship and run any application as a lightweight container",
      "install_id": "docker",
      "license": "Apache-2.0",
      "locked_url": "https://github.com/flox/nixpkgs?rev=68d8aa3d661f0e6bd5862291b5bb263b2a6595c9",
      "name": "docker-29.3.1",
      "pname": "docker",
      "rev": "68d8aa3d661f0e6bd5862291b5bb263b2a6595c9",
      "rev_count": 975402,
      "rev_date": "2026-04-05T21:03:29Z",
      "scrape_date": "2026-04-07T06:03:32.397040Z",
      "stabilities": [
        "unstable"
      ],
      "unfree": false,
      "version": "29.3.1",
      "outputs_to_install": [
        "out"
      ],
      "outputs": {
        "out": "/nix/store/qjlvy12v8kan4n26f4rj1f3lp1kbvf01-docker-29.3.1"
      },
      "system": "aarch64-darwin",
      "group": "common",
      "priority": 5
    },
    {
      "attr_path": "docker",
      "broken": false,
      "derivation": "/nix/store/3ka7zwl9xxz35idjg0avlmj0m8vg1w3m-docker-29.3.1.drv",
      "description": "Open source project to pack, ship and run any application as a lightweight container",
      "install_id": "docker",
      "license": "Apache-2.0",
      "locked_url": "https://github.com/flox/nixpkgs?rev=68d8aa3d661f0e6bd5862291b5bb263b2a6595c9",
      "name": "docker-29.3.1",
      "pname": "docker",
      "rev": "68d8aa3d661f0e6bd5862291b5bb263b2a6595c9",
      "rev_count": 975402,
      "rev_date": "2026-04-05T21:03:29Z",
      "scrape_date": "2026-04-07T06:34:57.110167Z",
      "stabilities": [
        "unstable"
      ],
      "unfree": false,
      "version": "29.3.1",
      "outputs_to_install": [
        "out"
      ],
      "outputs": {
        "out": "/nix/store/9lm22pxisad16bniddr6l7zqmp8rpl4h-docker-29.3.1"
      },
      "system": "aarch64-linux",
      "group": "common",
      "priority": 5
    },
    {
      "attr_path": "docker",
      "broken": false,
      "derivation": "/nix/store/n7m3dhifplyzqgid446s6dyw2sshsv4g-docker-29.3.1.drv",
      "description": "Open source project to pack, ship and run any application as a lightweight container",
      "install_id": "docker",
      "license": "Apache-2.0",
      "locked_url": "https://github.com/flox/nixpkgs?rev=68d8aa3d661f0e6bd5862291b5bb263b2a6595c9",
      "name": "docker-29.3.1",
      "pname": "docker",
      "rev": "68d8aa3d661f0e6bd5862291b5bb263b2a6595c9",
      "rev_count": 975402,
      "rev_date": "2026-04-05T21:03:29Z",
      "scrape_date": "2026-04-07T07:05:00.124020Z",
      "stabilities": [
        "unstable"
      ],
      "unfree": false,
      "version": "29.3.1",
      "outputs_to_install": [
        "out"
      ],
      "outputs": {
        "out": "/nix/store/8h7f7b47j48f2w1m5s2809i3x3zif0zx-docker-29.3.1"
      },
      "system": "x86_64-darwin",
      "group": "common",
      "priority": 5
    },
    {
      "attr_path": "docker",
      "broken": false,
      "derivation": "/nix/store/mmkbpvbhr1dnaxrzwpkggjd9xfwbhrvr-docker-29.3.1.drv",
      "description": "Open source project to pack, ship and run any application as a lightweight container",
      "install_id": "docker",
      "license": "Apache-2.0",
      "locked_url": "https://github.com/flox/nixpkgs?rev=68d8aa3d661f0e6bd5862291b5bb263b2a6595c9",
      "name": "docker-29.3.1",
      "pname": "docker",
      "rev": "68d8aa3d661f0e6bd5862291b5bb263b2a6595c9",
      "rev_count": 975402,
      "rev_date": "2026-04-05T21:03:29Z",
      "scrape_date": "2026-04-07T07:39:06.842507Z",
      "stabilities": [
        "unstable"
      ],
      "unfree": false,
      "version": "29.3.1",
      "outputs_to_install": [
        "out"
      ],
      "outputs": {
        "out": "/nix/store/hzdp57vcwkk06sib356k6f0wf25p2vsq-docker-29.3.1"
      },
      "system": "x86_64-linux",
      "group": "common",
      "priority": 5
    },
    {
      "attr_path": "git",
      "broken": false,
      "derivation": "/nix/store/a8629rgwrbmn2xfdidnvgv8zbzz51q9c-git-2.53.0.drv",
      "description": "Distributed version control system",
      "install_id": "git",
      "license": "GPL-2.0",
      "locked_url": "https://github.com/flox/nixpkgs?rev=68d8aa3d661f0e6bd5862291b5bb263b2a6595c9",
      "name": "git-2.53.0",
      "pname": "git",
      "rev": "68d8aa3d661f0e6bd5862291b5bb263b2a6595c9",
      "rev_count": 975402,
      "rev_date": "2026-04-05T21:03:29Z",
      "scrape_date": "2026-04-07T06:03:32.955694Z",
      "stabilities": [
        "unstable"
      ],
      "unfree": false,
      "version": "2.53.0",
      "outputs_to_install": [
        "out",
        "out"
      ],
      "outputs": {
        "doc": "/nix/store/xp9w7bcl4c78268kn82qdayqglj0zdxa-git-2.53.0-doc",
        "out": "/nix/store/6qbj40r0s289k5slmy8yna5x2hfz01wg-git-2.53.0"
      },
      "system": "aarch64-darwin",
      "group": "common",
      "priority": 5
    },
    {
      "attr_path": "git",
      "broken": false,
      "derivation": "/nix/store/j67ynmph0ygnfh67rq6lf4wq4n4v5kmi-git-2.53.0.drv",
      "description": "Distributed version control system",
      "install_id": "git",
      "license": "GPL-2.0",
      "locked_url": "https://github.com/flox/nixpkgs?rev=68d8aa3d661f0e6bd5862291b5bb263b2a6595c9",
      "name": "git-2.53.0",
      "pname": "git",
      "rev": "68d8aa3d661f0e6bd5862291b5bb263b2a6595c9",
      "rev_count": 975402,
      "rev_date": "2026-04-05T21:03:29Z",
      "scrape_date": "2026-04-07T06:34:58.098785Z",
      "stabilities": [
        "unstable"
      ],
      "unfree": false,
      "version": "2.53.0",
      "outputs_to_install": [
        "out",
        "out"
      ],
      "outputs": {
        "debug": "/nix/store/gaj4q67pid2pcy9nvh2ysv4728wxj5m4-git-2.53.0-debug",
        "doc": "/nix/store/9mrg9g0w2b4cfdppq3n4zvhkvyixvqpx-git-2.53.0-doc",
        "out": "/nix/store/0vbb6j0ppx1w8cw28h7w8s2dzla9j3m6-git-2.53.0"
      },
      "system": "aarch64-linux",
      "group": "common",
      "priority": 5
    },
    {
      "attr_path": "git",
      "broken": false,
      "derivation": "/nix/store/j1qp6x7kjzps81gq0jmisyvvlgp0vr4p-git-2.53.0.drv",
      "description": "Distributed version control system",
      "install_id": "git",
      "license": "GPL-2.0",
      "locked_url": "https://github.com/flox/nixpkgs?rev=68d8aa3d661f0e6bd5862291b5bb263b2a6595c9",
      "name": "git-2.53.0",
      "pname": "git",
      "rev": "68d8aa3d661f0e6bd5862291b5bb263b2a6595c9",
      "rev_count": 975402,
      "rev_date": "2026-04-05T21:03:29Z",
      "scrape_date": "2026-04-07T07:05:00.701899Z",
      "stabilities": [
        "unstable"
      ],
      "unfree": false,
      "version": "2.53.0",
      "outputs_to_install": [
        "out",
        "out"
      ],
      "outputs": {
        "doc": "/nix/store/yi2mi426la2x7rggv0a0ah11s2dangz4-git-2.53.0-doc",
        "out": "/nix/store/2q2hzaclp1rsj65h21lng7wa26vawhnq-git-2.53.0"
      },
      "system": "x86_64-darwin",
      "group": "common",
      "priority": 5
    },
    {
      "attr_path": "git",
      "broken": false,
      "derivation": "/nix/store/j0h35cv7avh30rlzsy4a17a77mgdz9a0-git-2.53.0.drv",
      "description": "Distributed version control system",
      "install_id": "git",
      "license": "GPL-2.0",
      "locked_url": "https://github.com/flox/nixpkgs?rev=68d8aa3d661f0e6bd5862291b5bb263b2a6595c9",
      "name": "git-2.53.0",
      "pname": "git",
      "rev": "68d8aa3d661f0e6bd5862291b5bb263b2a6595c9",
      "rev_count": 975402,
      "rev_date": "2026-04-05T21:03:29Z",
      "scrape_date": "2026-04-07T07:39:07.823346Z",
      "stabilities": [
        "unstable"
      ],
      "unfree": false,
      "version": "2.53.0",
      "outputs_to_install": [
        "out",
        "out"
      ],
      "outputs": {
        "debug": "/nix/store/9xs1n97fsdbgnk8cxbdx3hqlz6fdaynb-git-2.53.0-debug",
        "doc": "/nix/store/rv7cz5lz1qmbdnh3zrpv0j0wa5ivaacq-git-2.53.0-doc",
        "out": "/nix/store/7yvcckar1lzhqnr0xx2n19nsdjd4qa4d-git-2.53.0"
      },
      "system": "x86_64-linux",
      "group": "common",
      "priority": 5
    },
    {
      "attr_path": "go-task",
      "broken": false,
      "derivation": "/nix/store/d75iigh6jr411wnb6gk1dqwy6ybv4a07-go-task-3.48.0.drv",
      "description": "Task runner / simpler Make alternative written in Go",
      "install_id": "go-task",
      "license": "MIT",
      "locked_url": "https://github.com/flox/nixpkgs?rev=68d8aa3d661f0e6bd5862291b5bb263b2a6595c9",
      "name": "go-task-3.48.0",
      "pname": "go-task",
      "rev": "68d8aa3d661f0e6bd5862291b5bb263b2a6595c9",
      "rev_count": 975402,
      "rev_date": "2026-04-05T21:03:29Z",
      "scrape_date": "2026-04-07T06:03:33.102302Z",
      "stabilities": [
        "unstable"
      ],
      "unfree": false,
      "version": "3.48.0",
      "outputs_to_install": [
        "out"
      ],
      "outputs": {
        "out": "/nix/store/sab4xhgi6cs6rnxsx33dxqg2zcir52rm-go-task-3.48.0"
      },
      "system": "aarch64-darwin",
      "group": "common",
      "priority": 5
    },
    {
      "attr_path": "go-task",
      "broken": false,
      "derivation": "/nix/store/4yafn203k3iq871ahgmlk39lyb976lvr-go-task-3.48.0.drv",
      "description": "Task runner / simpler Make alternative written in Go",
      "install_id": "go-task",
      "license": "MIT",
      "locked_url": "https://github.com/flox/nixpkgs?rev=68d8aa3d661f0e6bd5862291b5bb263b2a6595c9",
      "name": "go-task-3.48.0",
      "pname": "go-task",
      "rev": "68d8aa3d661f0e6bd5862291b5bb263b2a6595c9",
      "rev_count": 975402,
      "rev_date": "2026-04-05T21:03:29Z",
      "scrape_date": "2026-04-07T06:34:58.882824Z",
      "stabilities": [
        "unstable"
      ],
      "unfree": false,
      "version": "3.48.0",
      "outputs_to_install": [
        "out"
      ],
      "outputs": {
        "out": "/nix/store/cidnjfhcp1qyxjih6qaa61hfyxy5k5ap-go-task-3.48.0"
      },
      "system": "aarch64-linux",
      "group": "common",
      "priority": 5
    },
    {
      "attr_path": "go-task",
      "broken": false,
      "derivation": "/nix/store/np5hkd93wdzh9s9ynkdk3mds3pg1bifz-go-task-3.48.0.drv",
      "description": "Task runner / simpler Make alternative written in Go",
      "install_id": "go-task",
      "license": "MIT",
      "locked_url": "https://github.com/flox/nixpkgs?rev=68d8aa3d661f0e6bd5862291b5bb263b2a6595c9",
      "name": "go-task-3.48.0",
      "pname": "go-task",
      "rev": "68d8aa3d661f0e6bd5862291b5bb263b2a6595c9",
      "rev_count": 975402,
      "rev_date": "2026-04-05T21:03:29Z",
      "scrape_date": "2026-04-07T07:05:00.880754Z",
      "stabilities": [
        "unstable"
      ],
      "unfree": false,
      "version": "3.48.0",
      "outputs_to_install": [
        "out"
      ],
      "outputs": {
        "out": "/nix/store/nxbwqrg7jx4l16q1c37kr510cv0cz1cw-go-task-3.48.0"
      },
      "system": "x86_64-darwin",
      "group": "common",
      "priority": 5
    },
    {
      "attr_path": "go-task",
      "broken": false,
      "derivation": "/nix/store/f2xbx67ryzzcxd851bwnc5jcgxb4a032-go-task-3.48.0.drv",
      "description": "Task runner / simpler Make alternative written in Go",
      "install_id": "go-task",
      "license": "MIT",
      "locked_url": "https://github.com/flox/nixpkgs?rev=68d8aa3d661f0e6bd5862291b5bb263b2a6595c9",
      "name": "go-task-3.48.0",
      "pname": "go-task",
      "rev": "68d8aa3d661f0e6bd5862291b5bb263b2a6595c9",
      "rev_count": 975402,
      "rev_date": "2026-04-05T21:03:29Z",
      "scrape_date": "2026-04-07T07:39:08.590415Z",
      "stabilities": [
        "unstable"
      ],
      "unfree": false,
      "version": "3.48.0",
      "outputs_to_install": [
        "out"
      ],
      "outputs": {
        "out": "/nix/store/qxs1p264gzz3nficzss2nsp7fs5cdi31-go-task-3.48.0"
      },
      "system": "x86_64-linux",
      "group": "common",
      "priority": 5
    },
    {
      "attr_path": "golangci-lint",
      "broken": false,
      "derivation": "/nix/store/yhb07d2wsdwxsqvmvhbqf20pjckshv4v-golangci-lint-2.11.4.drv",
      "description": "Fast linters Runner for Go",
      "install_id": "golangci-lint",
      "license": "GPL-3.0-or-later",
      "locked_url": "https://github.com/flox/nixpkgs?rev=68d8aa3d661f0e6bd5862291b5bb263b2a6595c9",
      "name": "golangci-lint-2.11.4",
      "pname": "golangci-lint",
      "rev": "68d8aa3d661f0e6bd5862291b5bb263b2a6595c9",
      "rev_count": 975402,
      "rev_date": "2026-04-05T21:03:29Z",
      "scrape_date": "2026-04-07T06:03:33.142435Z",
      "stabilities": [
        "unstable"
      ],
      "unfree": false,
      "version": "2.11.4",
      "outputs_to_install": [
        "out"
      ],
      "outputs": {
        "out": "/nix/store/zjhq23zqjjlyclylkwvny6s7qzcq56n4-golangci-lint-2.11.4"
      },
      "system": "aarch64-darwin",
      "group": "common",
      "priority": 5
    },
    {
      "attr_path": "golangci-lint",
      "broken": false,
      "derivation": "/nix/store/vknh40qizw72lnwiv90cyab3m8da4dvb-golangci-lint-2.11.4.drv",
      "description": "Fast linters Runner for Go",
      "install_id": "golangci-lint",
      "license": "GPL-3.0-or-later",
      "locked_url": "https://github.com/flox/nixpkgs?rev=68d8aa3d661f0e6bd5862291b5bb263b2a6595c9",
      "name": "golangci-lint-2.11.4",
      "pname": "golangci-lint",
      "rev": "68d8aa3d661f0e6bd5862291b5bb263b2a6595c9",
      "rev_count": 975402,
      "rev_date": "2026-04-05T21:03:29Z",
      "scrape_date": "2026-04-07T06:34:58.955398Z",
      "stabilities": [
        "unstable"
      ],
      "unfree": false,
      "version": "2.11.4",
      "outputs_to_install": [
        "out"
      ],
      "outputs": {
        "out": "/nix/store/6rnv5q31z65m0cx0gsclybizgly224r8-golangci-lint-2.11.4"
      },
      "system": "aarch64-linux",
      "group": "common",
      "priority": 5
    },
    {
      "attr_path": "golangci-lint",
      "broken": false,
      "derivation": "/nix/store/qclqnf46p70n30fya545xnkjxjsjf7bx-golangci-lint-2.11.4.drv",
      "description": "Fast linters Runner for Go",
      "install_id": "golangci-lint",
      "license": "GPL-3.0-or-later",
      "locked_url": "https://github.com/flox/nixpkgs?rev=68d8aa3d661f0e6bd5862291b5bb263b2a6595c9",
      "name": "golangci-lint-2.11.4",
      "pname": "golangci-lint",
      "rev": "68d8aa3d661f0e6bd5862291b5bb263b2a6595c9",
      "rev_count": 975402,
      "rev_date": "2026-04-05T21:03:29Z",
      "scrape_date": "2026-04-07T07:05:00.920753Z",
      "stabilities": [
        "unstable"
      ],
      "unfree": false,
      "version": "2.11.4",
      "outputs_to_install": [
        "out"
      ],
      "outputs": {
        "out": "/nix/store/laj0sxwhanwj9nk8hnsqzsj1b141z2bm-golangci-lint-2.11.4"
      },
      "system": "x86_64-darwin",
      "group": "common",
      "priority": 5
    },
    {
      "attr_path": "golangci-lint",
      "broken": false,
      "derivation": "/nix/store/6hc83ga5aylvdpjy3fbajcqr2k75d52v-golangci-lint-2.11.4.drv",
      "description": "Fast linters Runner for Go",
      "install_id": "golangci-lint",
      "license": "GPL-3.0-or-later",
      "locked_url": "https://github.com/flox/nixpkgs?rev=68d8aa3d661f0e6bd5862291b5bb263b2a6595c9",
      "name": "golangci-lint-2.11.4",
      "pname": "golangci-lint",
      "rev": "68d8aa3d661f0e6bd5862291b5bb263b2a6595c9",
      "rev_count": 975402,
      "rev_date": "2026-04-05T21:03:29Z",
      "scrape_date": "2026-04-07T07:39:08.660231Z",
      "stabilities": [
        "unstable"
      ],
      "unfree": false,
      "version": "2.11.4",
      "outputs_to_install": [
        "out"
      ],
      "outputs": {
        "out": "/nix/store/j4w0z1lgrs4fdds7npk2bnby5ks612cf-golangci-lint-2.11.4"
      },
      "system": "x86_64-linux",
      "group": "common",
      "priority": 5
    },
    {
      "attr_path": "go",
      "broken": false,
      "derivation": "/nix/store/jj5lr2n85rl99d40dcgvv8kh4p37i47d-go-1.26.1.drv",
      "description": "Go Programming language",
      "install_id": "go",
      "license": "BSD-3-Clause",
      "locked_url": "https://github.com/flox/nixpkgs?rev=68d8aa3d661f0e6bd5862291b5bb263b2a6595c9",
      "name": "go-1.26.1",
      "pname": "go",
      "rev": "68d8aa3d661f0e6bd5862291b5bb263b2a6595c9",
      "rev_count": 975402,
      "rev_date": "2026-04-05T21:03:29Z",
      "scrape_date": "2026-04-07T06:03:33.081743Z",
      "stabilities": [
        "unstable"
      ],
      "unfree": false,
      "version": "1.26.1",
      "outputs_to_install": [
        "out"
      ],
      "outputs": {
        "out": "/nix/store/kh43nhaz1qcpwws2xq805lrmwpmn9i3k-go-1.26.1"
      },
      "system": "aarch64-darwin",
      "group": "toplevel",
      "priority": 5
    },
    {
      "attr_path": "go",
      "broken": false,
      "derivation": "/nix/store/bgblqd7l0v7x7s504csalw9b5vwf4czc-go-1.26.1.drv",
      "description": "Go Programming language",
      "install_id": "go",
      "license": "BSD-3-Clause",
      "locked_url": "https://github.com/flox/nixpkgs?rev=68d8aa3d661f0e6bd5862291b5bb263b2a6595c9",
      "name": "go-1.26.1",
      "pname": "go",
      "rev": "68d8aa3d661f0e6bd5862291b5bb263b2a6595c9",
      "rev_count": 975402,
      "rev_date": "2026-04-05T21:03:29Z",
      "scrape_date": "2026-04-07T06:34:58.849457Z",
      "stabilities": [
        "unstable"
      ],
      "unfree": false,
      "version": "1.26.1",
      "outputs_to_install": [
        "out"
      ],
      "outputs": {
        "out": "/nix/store/rz1pqbm5z3zfby250i0djfmfzzj7khg9-go-1.26.1"
      },
      "system": "aarch64-linux",
      "group": "toplevel",
      "priority": 5
    },
    {
      "attr_path": "go",
      "broken": false,
      "derivation": "/nix/store/pcwra0rv1n0pq3r6sjlc6sx6a0bv499x-go-1.26.1.drv",
      "description": "Go Programming language",
      "install_id": "go",
      "license": "BSD-3-Clause",
      "locked_url": "https://github.com/flox/nixpkgs?rev=68d8aa3d661f0e6bd5862291b5bb263b2a6595c9",
      "name": "go-1.26.1",
      "pname": "go",
      "rev": "68d8aa3d661f0e6bd5862291b5bb263b2a6595c9",
      "rev_count": 975402,
      "rev_date": "2026-04-05T21:03:29Z",
      "scrape_date": "2026-04-07T07:05:00.859113Z",
      "stabilities": [
        "unstable"
      ],
      "unfree": false,
      "version": "1.26.1",
      "outputs_to_install": [
        "out"
      ],
      "outputs": {
        "out": "/nix/store/yv6jj27racylbfjw6a1cdr91ndxbgyf6-go-1.26.1"
      },
      "system": "x86_64-darwin",
      "group": "toplevel",
      "priority": 5
    },
    {
      "attr_path": "go",
      "broken": false,
      "derivation": "/nix/store/f7rh1lw0shd5471j9y6wpvc2j43czglz-go-1.26.1.drv",
      "description": "Go Programming language",
      "install_id": "go",
      "license": "BSD-3-Clause",
      "locked_url": "https://github.com/flox/nixpkgs?rev=68d8aa3d661f0e6bd5862291b5bb263b2a6595c9",
      "name": "go-1.26.1",
      "pname": "go",
      "rev": "68d8aa3d661f0e6bd5862291b5bb263b2a6595c9",
      "rev_count": 975402,
      "rev_date": "2026-04-05T21:03:29Z",
      "scrape_date": "2026-04-07T07:39:08.558986Z",
      "stabilities": [
        "unstable"
      ],
      "unfree": false,
      "version": "1.26.1",
      "outputs_to_install": [
        "out",
        "out"
      ],
      "outputs": {
        "out": "/nix/store/ckcq2mj8zk0drhaaacy6mp9d924hnr4m-go-1.26.1"
      },
      "system": "x86_64-linux",
      "group": "toplevel",
      "priority": 5
    }
  ]
}
